
Microsoft Visual Studio Solution File, Format Version 12.00
# Visual Studio Version 17
VisualStudioVersion = 17.2.32526.322
MinimumVisualStudioVersion = 10.0.40219.1
Project("{2150E333-8FDC-42A3-9474-1A3956D46DE8}") = "backend", "backend", "{642FD222-4B02-4C79-81A7-C11A4FB5B94D}"
EndProject
Project("{2150E333-8FDC-42A3-9474-1A3956D46DE8}") = "frontend", "frontend", "{A7DF4156-3B24-4C23-B5A0-E752C14D7B7D}"
EndProject
Project("{2150E333-8FDC-42A3-9474-1A3956D46DE8}") = "shared", "shared", "{3C038EB7-8B4D-407B-BF13-D38A23833D24}"
EndProject
Project("{2150E333-8FDC-42A3-9474-1A3956D46DE8}") = "api", "api", "{C454835F-7C3A-436D-9935-FE6FAD17180B}"
EndProject
Project("{2150E333-8FDC-42A3-9474-1A3956D46DE8}") = "data", "data", "{1B69C8D6-3AF0-4B51-B987-35AB23C6E6D8}"
EndProject
Project("{2150E333-8FDC-42A3-9474-1A3956D46DE8}") = "lib", "lib", "{BA821B12-1B3A-4936-984D-7EA4103ED55A}"
EndProject
Project("{9A19103F-16F7-4668-BE54-9A1E7A4F7556}") = "Paganod.Types.Base", "Paganod.Type.Base\Paganod.Types.Base.csproj", "{96A29499-B2CF-4768-A142-D20845C1FCDE}"
EndProject
Project("{9A19103F-16F7-4668-BE54-9A1E7A4F7556}") = "Paganod.Types", "Paganod.Types\Paganod.Types.csproj", "{BB4A08C2-1883-4173-B49D-CAC03E969214}"
EndProject
Project("{9A19103F-16F7-4668-BE54-9A1E7A4F7556}") = "Paganod.Data.Schema", "Paganod.Data.Schema\Paganod.Data.Schema.csproj", "{C7C71D54-2E78-44C1-A68F-534678318182}"
EndProject
Project("{9A19103F-16F7-4668-BE54-9A1E7A4F7556}") = "Paganod.Data.Shared", "Paganod.Data.Shared\Paganod.Data.Shared.csproj", "{38D6AA3D-3BC0-44BC-84AC-D25AB08DDA67}"
EndProject
Project("{9A19103F-16F7-4668-BE54-9A1E7A4F7556}") = "Paganod.Shared", "Paganod.Shared\Paganod.Shared.csproj", "{73C0DF85-6F2A-412C-940C-97D93DA6CC4E}"
EndProject
Project("{9A19103F-16F7-4668-BE54-9A1E7A4F7556}") = "Paganod.Sql", "Paganod.Sql\Paganod.Sql.csproj", "{D1458708-ACA4-4C90-A02A-D1E0993643F2}"
EndProject
Project("{9A19103F-16F7-4668-BE54-9A1E7A4F7556}") = "Paganod.Data", "Paganod.Data\Paganod.Data.csproj", "{557E04C9-7AA7-4723-B2AF-8B54C340AF8C}"
EndProject
Project("{9A19103F-16F7-4668-BE54-9A1E7A4F7556}") = "Paganod.Data.Tests", "Paganod.Data.Tests\Paganod.Data.Tests.csproj", "{BE634E35-2F5C-4ABD-878E-79C4C74BA7F7}"
EndProject
Project("{FAE04EC0-301F-11D3-BF4B-00C04F79EFBC}") = "Paganod.Web.Tests", "frontend\Paganod.Web.Tests\Paganod.Web.Tests.csproj", "{FCC60C21-40B4-4DA1-93B3-5CA63B840D10}"
EndProject
Project("{9A19103F-16F7-4668-BE54-9A1E7A4F7556}") = "Paganod.Web.Client", "frontend\Paganod.Web.Client\Paganod.Web.Client.csproj", "{B35106B8-C818-4563-B37C-609188D7ED27}"
EndProject
Project("{9A19103F-16F7-4668-BE54-9A1E7A4F7556}") = "Paganod.Web.Server", "frontend\Paganod.Web.Server\Paganod.Web.Server.csproj", "{A94559AB-8D23-4644-B6DE-429AB62CB0B2}"
EndProject
Project("{FAE04EC0-301F-11D3-BF4B-00C04F79EFBC}") = "Paganod.Api.Client", "Paganod.Api.Client\Paganod.Api.Client.csproj", "{AA0A0042-7891-4CD0-A92F-8DF74BD759A2}"
EndProject
Project("{FAE04EC0-301F-11D3-BF4B-00C04F79EFBC}") = "Paganod.Api.Tests", "Paganod.Api.Tests\Paganod.Api.Tests.csproj", "{AE6A9BC4-5AF8-4050-A163-A63A02CD1D8E}"
EndProject
Project("{FAE04EC0-301F-11D3-BF4B-00C04F79EFBC}") = "Paganod.Web.ServerRendered", "frontend\Paganod.Web.ServerRendered\Paganod.Web.ServerRendered.csproj", "{01BAF24F-8A7A-4F3D-A64E-474AE0589993}"
EndProject
Project("{FAE04EC0-301F-11D3-BF4B-00C04F79EFBC}") = "Paganod.Services", "Paganod.Services\Paganod.Services.csproj", "{A175200F-D70B-4902-92DF-8472F32124D5}"
EndProject
Project("{2150E333-8FDC-42A3-9474-1A3956D46DE8}") = "services", "services", "{DF11BA74-7823-49D8-872F-CC66AA3548E4}"
EndProject
Project("{FAE04EC0-301F-11D3-BF4B-00C04F79EFBC}") = "Paganod.Services.Tests", "Paganod.Services.Tests\Paganod.Services.Tests.csproj", "{0A0DB440-BFAF-44EE-BC90-EA639B8F203E}"
EndProject
Project("{FAE04EC0-301F-11D3-BF4B-00C04F79EFBC}") = "Paganod.Api", "Paganod.Api\Paganod.Api.csproj", "{A4872A26-DCE7-4F87-965D-C4E8D0871ECF}"
EndProject
Project("{2150E333-8FDC-42A3-9474-1A3956D46DE8}") = "worker", "worker", "{A6713C1A-FBFB-4A31-A467-8C6F290CFD8D}"
EndProject
Project("{FAE04EC0-301F-11D3-BF4B-00C04F79EFBC}") = "Paganod.Worker", "Paganod.Worker\Paganod.Worker.csproj", "{55CD2451-FF49-4B91-B75C-19535E41D195}"
EndProject
Project("{FAE04EC0-301F-11D3-BF4B-00C04F79EFBC}") = "Paganod.Console", "Paganod.Console\Paganod.Console.csproj", "{80D6CF2F-1AAF-490B-8094-3CF5879A02A6}"
EndProject
Project("{FAE04EC0-301F-11D3-BF4B-00C04F79EFBC}") = "Paganod.Core", "Paganod.Core\Paganod.Core.csproj", "{886DA802-7825-4422-8B0C-FBA03A25BB5C}"
EndProject
Global
	GlobalSection(SolutionConfigurationPlatforms) = preSolution
		Debug|Any CPU = Debug|Any CPU
		Release|Any CPU = Release|Any CPU
	EndGlobalSection
	GlobalSection(ProjectConfigurationPlatforms) = postSolution
		{96A29499-B2CF-4768-A142-D20845C1FCDE}.Debug|Any CPU.ActiveCfg = Debug|Any CPU
		{96A29499-B2CF-4768-A142-D20845C1FCDE}.Debug|Any CPU.Build.0 = Debug|Any CPU
		{96A29499-B2CF-4768-A142-D20845C1FCDE}.Release|Any CPU.ActiveCfg = Release|Any CPU
		{96A29499-B2CF-4768-A142-D20845C1FCDE}.Release|Any CPU.Build.0 = Release|Any CPU
		{BB4A08C2-1883-4173-B49D-CAC03E969214}.Debug|Any CPU.ActiveCfg = Debug|Any CPU
		{BB4A08C2-1883-4173-B49D-CAC03E969214}.Debug|Any CPU.Build.0 = Debug|Any CPU
		{BB4A08C2-1883-4173-B49D-CAC03E969214}.Release|Any CPU.ActiveCfg = Release|Any CPU
		{BB4A08C2-1883-4173-B49D-CAC03E969214}.Release|Any CPU.Build.0 = Release|Any CPU
		{C7C71D54-2E78-44C1-A68F-534678318182}.Debug|Any CPU.ActiveCfg = Debug|Any CPU
		{C7C71D54-2E78-44C1-A68F-534678318182}.Debug|Any CPU.Build.0 = Debug|Any CPU
		{C7C71D54-2E78-44C1-A68F-534678318182}.Release|Any CPU.ActiveCfg = Release|Any CPU
		{C7C71D54-2E78-44C1-A68F-534678318182}.Release|Any CPU.Build.0 = Release|Any CPU
		{38D6AA3D-3BC0-44BC-84AC-D25AB08DDA67}.Debug|Any CPU.ActiveCfg = Debug|Any CPU
		{38D6AA3D-3BC0-44BC-84AC-D25AB08DDA67}.Debug|Any CPU.Build.0 = Debug|Any CPU
		{38D6AA3D-3BC0-44BC-84AC-D25AB08DDA67}.Release|Any CPU.ActiveCfg = Release|Any CPU
		{38D6AA3D-3BC0-44BC-84AC-D25AB08DDA67}.Release|Any CPU.Build.0 = Release|Any CPU
		{73C0DF85-6F2A-412C-940C-97D93DA6CC4E}.Debug|Any CPU.ActiveCfg = Debug|Any CPU
		{73C0DF85-6F2A-412C-940C-97D93DA6CC4E}.Debug|Any CPU.Build.0 = Debug|Any CPU
		{73C0DF85-6F2A-412C-940C-97D93DA6CC4E}.Release|Any CPU.ActiveCfg = Release|Any CPU
		{73C0DF85-6F2A-412C-940C-97D93DA6CC4E}.Release|Any CPU.Build.0 = Release|Any CPU
		{D1458708-ACA4-4C90-A02A-D1E0993643F2}.Debug|Any CPU.ActiveCfg = Debug|Any CPU
		{D1458708-ACA4-4C90-A02A-D1E0993643F2}.Debug|Any CPU.Build.0 = Debug|Any CPU
		{D1458708-ACA4-4C90-A02A-D1E0993643F2}.Release|Any CPU.ActiveCfg = Release|Any CPU
		{D1458708-ACA4-4C90-A02A-D1E0993643F2}.Release|Any CPU.Build.0 = Release|Any CPU
		{557E04C9-7AA7-4723-B2AF-8B54C340AF8C}.Debug|Any CPU.ActiveCfg = Debug|Any CPU
		{557E04C9-7AA7-4723-B2AF-8B54C340AF8C}.Debug|Any CPU.Build.0 = Debug|Any CPU
		{557E04C9-7AA7-4723-B2AF-8B54C340AF8C}.Release|Any CPU.ActiveCfg = Release|Any CPU
		{557E04C9-7AA7-4723-B2AF-8B54C340AF8C}.Release|Any CPU.Build.0 = Release|Any CPU
		{BE634E35-2F5C-4ABD-878E-79C4C74BA7F7}.Debug|Any CPU.ActiveCfg = Debug|Any CPU
		{BE634E35-2F5C-4ABD-878E-79C4C74BA7F7}.Debug|Any CPU.Build.0 = Debug|Any CPU
		{BE634E35-2F5C-4ABD-878E-79C4C74BA7F7}.Release|Any CPU.ActiveCfg = Release|Any CPU
		{BE634E35-2F5C-4ABD-878E-79C4C74BA7F7}.Release|Any CPU.Build.0 = Release|Any CPU
		{FCC60C21-40B4-4DA1-93B3-5CA63B840D10}.Debug|Any CPU.ActiveCfg = Debug|Any CPU
		{FCC60C21-40B4-4DA1-93B3-5CA63B840D10}.Debug|Any CPU.Build.0 = Debug|Any CPU
		{FCC60C21-40B4-4DA1-93B3-5CA63B840D10}.Release|Any CPU.ActiveCfg = Release|Any CPU
		{FCC60C21-40B4-4DA1-93B3-5CA63B840D10}.Release|Any CPU.Build.0 = Release|Any CPU
		{B35106B8-C818-4563-B37C-609188D7ED27}.Debug|Any CPU.ActiveCfg = Debug|Any CPU
		{B35106B8-C818-4563-B37C-609188D7ED27}.Debug|Any CPU.Build.0 = Debug|Any CPU
		{B35106B8-C818-4563-B37C-609188D7ED27}.Release|Any CPU.ActiveCfg = Release|Any CPU
		{B35106B8-C818-4563-B37C-609188D7ED27}.Release|Any CPU.Build.0 = Release|Any CPU
		{A94559AB-8D23-4644-B6DE-429AB62CB0B2}.Debug|Any CPU.ActiveCfg = Debug|Any CPU
		{A94559AB-8D23-4644-B6DE-429AB62CB0B2}.Debug|Any CPU.Build.0 = Debug|Any CPU
		{A94559AB-8D23-4644-B6DE-429AB62CB0B2}.Release|Any CPU.ActiveCfg = Release|Any CPU
		{A94559AB-8D23-4644-B6DE-429AB62CB0B2}.Release|Any CPU.Build.0 = Release|Any CPU
		{AA0A0042-7891-4CD0-A92F-8DF74BD759A2}.Debug|Any CPU.ActiveCfg = Debug|Any CPU
		{AA0A0042-7891-4CD0-A92F-8DF74BD759A2}.Debug|Any CPU.Build.0 = Debug|Any CPU
		{AA0A0042-7891-4CD0-A92F-8DF74BD759A2}.Release|Any CPU.ActiveCfg = Release|Any CPU
		{AA0A0042-7891-4CD0-A92F-8DF74BD759A2}.Release|Any CPU.Build.0 = Release|Any CPU
		{AE6A9BC4-5AF8-4050-A163-A63A02CD1D8E}.Debug|Any CPU.ActiveCfg = Debug|Any CPU
		{AE6A9BC4-5AF8-4050-A163-A63A02CD1D8E}.Debug|Any CPU.Build.0 = Debug|Any CPU
		{AE6A9BC4-5AF8-4050-A163-A63A02CD1D8E}.Release|Any CPU.ActiveCfg = Release|Any CPU
		{AE6A9BC4-5AF8-4050-A163-A63A02CD1D8E}.Release|Any CPU.Build.0 = Release|Any CPU
		{01BAF24F-8A7A-4F3D-A64E-474AE0589993}.Debug|Any CPU.ActiveCfg = Debug|Any CPU
		{01BAF24F-8A7A-4F3D-A64E-474AE0589993}.Debug|Any CPU.Build.0 = Debug|Any CPU
		{01BAF24F-8A7A-4F3D-A64E-474AE0589993}.Release|Any CPU.ActiveCfg = Release|Any CPU
		{01BAF24F-8A7A-4F3D-A64E-474AE0589993}.Release|Any CPU.Build.0 = Release|Any CPU
		{A175200F-D70B-4902-92DF-8472F32124D5}.Debug|Any CPU.ActiveCfg = Debug|Any CPU
		{A175200F-D70B-4902-92DF-8472F32124D5}.Debug|Any CPU.Build.0 = Debug|Any CPU
		{A175200F-D70B-4902-92DF-8472F32124D5}.Release|Any CPU.ActiveCfg = Release|Any CPU
		{A175200F-D70B-4902-92DF-8472F32124D5}.Release|Any CPU.Build.0 = Release|Any CPU
		{0A0DB440-BFAF-44EE-BC90-EA639B8F203E}.Debug|Any CPU.ActiveCfg = Debug|Any CPU
		{0A0DB440-BFAF-44EE-BC90-EA639B8F203E}.Debug|Any CPU.Build.0 = Debug|Any CPU
		{0A0DB440-BFAF-44EE-BC90-EA639B8F203E}.Release|Any CPU.ActiveCfg = Release|Any CPU
		{0A0DB440-BFAF-44EE-BC90-EA639B8F203E}.Release|Any CPU.Build.0 = Release|Any CPU
		{A4872A26-DCE7-4F87-965D-C4E8D0871ECF}.Debug|Any CPU.ActiveCfg = Debug|Any CPU
		{A4872A26-DCE7-4F87-965D-C4E8D0871ECF}.Debug|Any CPU.Build.0 = Debug|Any CPU
		{A4872A26-DCE7-4F87-965D-C4E8D0871ECF}.Release|Any CPU.ActiveCfg = Release|Any CPU
		{A4872A26-DCE7-4F87-965D-C4E8D0871ECF}.Release|Any CPU.Build.0 = Release|Any CPU
		{55CD2451-FF49-4B91-B75C-19535E41D195}.Debug|Any CPU.ActiveCfg = Debug|Any CPU
		{55CD2451-FF49-4B91-B75C-19535E41D195}.Debug|Any CPU.Build.0 = Debug|Any CPU
		{55CD2451-FF49-4B91-B75C-19535E41D195}.Release|Any CPU.ActiveCfg = Release|Any CPU
		{55CD2451-FF49-4B91-B75C-19535E41D195}.Release|Any CPU.Build.0 = Release|Any CPU
		{80D6CF2F-1AAF-490B-8094-3CF5879A02A6}.Debug|Any CPU.ActiveCfg = Debug|Any CPU
		{80D6CF2F-1AAF-490B-8094-3CF5879A02A6}.Debug|Any CPU.Build.0 = Debug|Any CPU
		{80D6CF2F-1AAF-490B-8094-3CF5879A02A6}.Release|Any CPU.ActiveCfg = Release|Any CPU
		{80D6CF2F-1AAF-490B-8094-3CF5879A02A6}.Release|Any CPU.Build.0 = Release|Any CPU
		{886DA802-7825-4422-8B0C-FBA03A25BB5C}.Debug|Any CPU.ActiveCfg = Debug|Any CPU
		{886DA802-7825-4422-8B0C-FBA03A25BB5C}.Debug|Any CPU.Build.0 = Debug|Any CPU
		{886DA802-7825-4422-8B0C-FBA03A25BB5C}.Release|Any CPU.ActiveCfg = Release|Any CPU
		{886DA802-7825-4422-8B0C-FBA03A25BB5C}.Release|Any CPU.Build.0 = Release|Any CPU
	EndGlobalSection
	GlobalSection(SolutionProperties) = preSolution
		HideSolutionNode = FALSE
	EndGlobalSection
	GlobalSection(NestedProjects) = preSolution
		{C454835F-7C3A-436D-9935-FE6FAD17180B} = {642FD222-4B02-4C79-81A7-C11A4FB5B94D}
		{1B69C8D6-3AF0-4B51-B987-35AB23C6E6D8} = {642FD222-4B02-4C79-81A7-C11A4FB5B94D}
		{BA821B12-1B3A-4936-984D-7EA4103ED55A} = {642FD222-4B02-4C79-81A7-C11A4FB5B94D}
		{96A29499-B2CF-4768-A142-D20845C1FCDE} = {BA821B12-1B3A-4936-984D-7EA4103ED55A}
		{BB4A08C2-1883-4173-B49D-CAC03E969214} = {BA821B12-1B3A-4936-984D-7EA4103ED55A}
		{C7C71D54-2E78-44C1-A68F-534678318182} = {1B69C8D6-3AF0-4B51-B987-35AB23C6E6D8}
		{38D6AA3D-3BC0-44BC-84AC-D25AB08DDA67} = {1B69C8D6-3AF0-4B51-B987-35AB23C6E6D8}
		{73C0DF85-6F2A-412C-940C-97D93DA6CC4E} = {3C038EB7-8B4D-407B-BF13-D38A23833D24}
		{D1458708-ACA4-4C90-A02A-D1E0993643F2} = {1B69C8D6-3AF0-4B51-B987-35AB23C6E6D8}
		{557E04C9-7AA7-4723-B2AF-8B54C340AF8C} = {1B69C8D6-3AF0-4B51-B987-35AB23C6E6D8}
		{BE634E35-2F5C-4ABD-878E-79C4C74BA7F7} = {1B69C8D6-3AF0-4B51-B987-35AB23C6E6D8}
		{FCC60C21-40B4-4DA1-93B3-5CA63B840D10} = {A7DF4156-3B24-4C23-B5A0-E752C14D7B7D}
		{B35106B8-C818-4563-B37C-609188D7ED27} = {A7DF4156-3B24-4C23-B5A0-E752C14D7B7D}
		{A94559AB-8D23-4644-B6DE-429AB62CB0B2} = {A7DF4156-3B24-4C23-B5A0-E752C14D7B7D}
		{AA0A0042-7891-4CD0-A92F-8DF74BD759A2} = {C454835F-7C3A-436D-9935-FE6FAD17180B}
		{AE6A9BC4-5AF8-4050-A163-A63A02CD1D8E} = {C454835F-7C3A-436D-9935-FE6FAD17180B}
		{01BAF24F-8A7A-4F3D-A64E-474AE0589993} = {A7DF4156-3B24-4C23-B5A0-E752C14D7B7D}
		{A175200F-D70B-4902-92DF-8472F32124D5} = {DF11BA74-7823-49D8-872F-CC66AA3548E4}
		{DF11BA74-7823-49D8-872F-CC66AA3548E4} = {642FD222-4B02-4C79-81A7-C11A4FB5B94D}
		{0A0DB440-BFAF-44EE-BC90-EA639B8F203E} = {DF11BA74-7823-49D8-872F-CC66AA3548E4}
		{A4872A26-DCE7-4F87-965D-C4E8D0871ECF} = {C454835F-7C3A-436D-9935-FE6FAD17180B}
		{A6713C1A-FBFB-4A31-A467-8C6F290CFD8D} = {642FD222-4B02-4C79-81A7-C11A4FB5B94D}
		{55CD2451-FF49-4B91-B75C-19535E41D195} = {A6713C1A-FBFB-4A31-A467-8C6F290CFD8D}
		{80D6CF2F-1AAF-490B-8094-3CF5879A02A6} = {642FD222-4B02-4C79-81A7-C11A4FB5B94D}
		{886DA802-7825-4422-8B0C-FBA03A25BB5C} = {BA821B12-1B3A-4936-984D-7EA4103ED55A}
	EndGlobalSection
	GlobalSection(ExtensibilityGlobals) = postSolution
		SolutionGuid = {E8536D76-E6EA-4A19-BF1E-160B8D98D8A0}
	EndGlobalSection
EndGlobal
